
Microsoft Visual Studio Solution File, Format Version 12.00
# Visual Studio Version 16
VisualStudioVersion = 16.0.31112.23
MinimumVisualStudioVersion = 10.0.40219.1
Project("{9A19103F-16F7-4668-BE54-9A1E7A4F7556}") = "CompareMargin", "CompareMargin.csproj", "{A49B829C-0FB1-4373-B6AC-54A4F1066986}"
EndProject
Global
	GlobalSection(SolutionConfigurationPlatforms) = preSolution
		Debug|Any CPU = Debug|Any CPU
		Release|Any CPU = Release|Any CPU
	EndGlobalSection
	GlobalSection(ProjectConfigurationPlatforms) = postSolution
		{A49B829C-0FB1-4373-B6AC-54A4F1066986}.Debug|Any CPU.ActiveCfg = Debug|Any CPU
		{A49B829C-0FB1-4373-B6AC-54A4F1066986}.Debug|Any CPU.Build.0 = Debug|Any CPU
		{A49B829C-0FB1-4373-B6AC-54A4F1066986}.Release|Any CPU.ActiveCfg = Release|Any CPU
		{A49B829C-0FB1-4373-B6AC-54A4F1066986}.Release|Any CPU.Build.0 = Release|Any CPU
	EndGlobalSection
	GlobalSection(SolutionProperties) = preSolution
		HideSolutionNode = FALSE
	EndGlobalSection
	GlobalSection(ExtensibilityGlobals) = postSolution
		SolutionGuid = {24DB1CD9-0865-4560-B06D-B87086387C03}
	EndGlobalSection
EndGlobal
